// !$*UTF8*$!
{
	archiveVersion = 1;
	classes = {
	};
	objectVersion = 46;
	objects = {

/* Begin PBXBuildFile section */
		0F46A26F1BC87A6900165794 /* AppDelegate.swift in Sources */ = {isa = PBXBuildFile; fileRef = 0F46A26E1BC87A6900165794 /* AppDelegate.swift */; };
		0F46A2711BC87A6900165794 /* ViewController.swift in Sources */ = {isa = PBXBuildFile; fileRef = 0F46A2701BC87A6900165794 /* ViewController.swift */; };
		0F46A2741BC87A6900165794 /* Main.storyboard in Resources */ = {isa = PBXBuildFile; fileRef = 0F46A2721BC87A6900165794 /* Main.storyboard */; };
		0F46A2761BC87A6900165794 /* Assets.xcassets in Resources */ = {isa = PBXBuildFile; fileRef = 0F46A2751BC87A6900165794 /* Assets.xcassets */; };
		0F46A2791BC87A6900165794 /* LaunchScreen.storyboard in Resources */ = {isa = PBXBuildFile; fileRef = 0F46A2771BC87A6900165794 /* LaunchScreen.storyboard */; };
/* End PBXBuildFile section */

/* Begin PBXFileReference section */
		0F46A26B1BC87A6900165794 /* Album Experiment.app */ = {isa = PBXFileReference; explicitFileType = wrapper.application; includeInIndex = 0; path = "Album Experiment.app"; sourceTree = BUILT_PRODUCTS_DIR; };
		0F46A26E1BC87A6900165794 /* AppDelegate.swift */ = {isa = PBXFileReference; lastKnownFileType = sourcecode.swift; path = AppDelegate.swift; sourceTree = "<group>"; };
		0F46A2701BC87A6900165794 /* ViewController.swift */ = {isa = PBXFileReference; lastKnownFileType = sourcecode.swift; path = ViewController.swift; sourceTree = "<group>"; };
		0F46A2731BC87A6900165794 /* Base */ = {isa = PBXFileReference; lastKnownFileType = file.storyboard; name = Base; path = Base.lproj/Main.storyboard; sourceTree = "<group>"; };
		0F46A2751BC87A6900165794 /* Assets.xcassets */ = {isa = PBXFileReference; lastKnownFileType = folder.assetcatalog; path = Assets.xcassets; sourceTree = "<group>"; };
		0F46A2781BC87A6900165794 /* Base */ = {isa = PBXFileReference; lastKnownFileType = file.storyboard; name = Base; path = Base.lproj/LaunchScreen.storyboard; sourceTree = "<group>"; };
		0F46A27A1BC87A6900165794 /* Info.plist */ = {isa = PBXFileReference; lastKnownFileType = text.plist.xml; path = Info.plist; sourceTree = "<group>"; };
/* End PBXFileReference section */

/* Begin PBXFrameworksBuildPhase section */
		0F46A2681BC87A6900165794 /* Frameworks */ = {
			isa = PBXFrameworksBuildPhase;
			buildActionMask = 2147483647;
			files = (
			);
			runOnlyForDeploymentPostprocessing = 0;
		};
/* End PBXFrameworksBuildPhase section */

/* Begin PBXGroup section */
		0F46A2621BC87A6900165794 = {
			isa = PBXGroup;
			children = (
				0F46A26D1BC87A6900165794 /* Album Experiment */,
				0F46A26C1BC87A6900165794 /* Products */,
			);
			sourceTree = "<group>";
		};
		0F46A26C1BC87A6900165794 /* Products */ = {
			isa = PBXGroup;
			children = (
				0F46A26B1BC87A6900165794 /* Album Experiment.app */,
			);
			name = Products;
			sourceTree = "<group>";
		};
		0F46A26D1BC87A6900165794 /* Album Experiment */ = {
			isa = PBXGroup;
			children = (
				0F46A26E1BC87A6900165794 /* AppDelegate.swift */,
				0F46A2701BC87A6900165794 /* ViewController.swift */,
				0F46A2721BC87A6900165794 /* Main.storyboard */,
				0F46A2751BC87A6900165794 /* Assets.xcassets */,
				0F46A2771BC87A6900165794 /* LaunchScreen.storyboard */,
				0F46A27A1BC87A6900165794 /* Info.plist */,
			);
			path = "Album Experiment";
			sourceTree = "<group>";
		};
/* End PBXGroup section */

/* Begin PBXNativeTarget section */
		0F46A26A1BC87A6900165794 /* Album Experiment */ = {
			isa = PBXNativeTarget;
			buildConfigurationList = 0F46A27D1BC87A6900165794 /* Build configuration list for PBXNativeTarget "Album Experiment" */;
			buildPhases = (
				0F46A2671BC87A6900165794 /* Sources */,
				0F46A2681BC87A6900165794 /* Frameworks */,
				0F46A2691BC87A6900165794 /* Resources */,
			);
			buildRules = (
			);
			dependencies = (
			);
			name = "Album Experiment";
			productName = "Album Experiment";
			productReference = 0F46A26B1BC87A6900165794 /* Album Experiment.app */;
			productType = "com.apple.product-type.application";
		};
/* End PBXNativeTarget section */

/* Begin PBXProject section */
		0F46A2631BC87A6900165794 /* Project object */ = {
			isa = PBXProject;
			attributes = {
				LastUpgradeCheck = 0700;
				ORGANIZATIONNAME = "Trevis Thomas";
				TargetAttributes = {
					0F46A26A1BC87A6900165794 = {
						CreatedOnToolsVersion = 7.0;
						DevelopmentTeam = KRNJ229R7J;
					};
				};
			};
			buildConfigurationList = 0F46A2661BC87A6900165794 /* Build configuration list for PBXProject "Album Experiment" */;
			compatibilityVersion = "Xcode 3.2";
			developmentRegion = English;
			hasScannedForEncodings = 0;
			knownRegions = (
				en,
				Base,
			);
			mainGroup = 0F46A2621BC87A6900165794;
			productRefGroup = 0F46A26C1BC87A6900165794 /* Products */;
			projectDirPath = "";
			projectRoot = "";
			targets = (
				0F46A26A1BC87A6900165794 /* Album Experiment */,
			);
		};
/* End PBXProject section */

/* Begin PBXResourcesBuildPhase section */
		0F46A2691BC87A6900165794 /* Resources */ = {
			isa = PBXResourcesBuildPhase;
			buildActionMask = 2147483647;
			files = (
				0F46A2791BC87A6900165794 /* LaunchScreen.storyboard in Resources */,
				0F46A2761BC87A6900165794 /* Assets.xcassets in Resources */,
				0F46A2741BC87A6900165794 /* Main.storyboard in Resources */,
			);
			runOnlyForDeploymentPostprocessing = 0;
		};
/* End PBXResourcesBuildPhase section */

/* Begin PBXSourcesBuildPhase section */
		0F46A2671BC87A6900165794 /* Sources */ = {
			isa = PBXSourcesBuildPhase;
			buildActionMask = 2147483647;
			files = (
				0F46A2711BC87A6900165794 /* ViewController.swift in Sources */,
				0F46A26F1BC87A6900165794 /* AppDelegate.swift in Sources */,
			);
			runOnlyForDeploymentPostprocessing = 0;
		};
/* End PBXSourcesBuildPhase section */

/* Begin PBXVariantGroup section */
		0F46A2721BC87A6900165794 /* Main.storyboard */ = {
			isa = PBXVariantGroup;
			children = (
				0F46A2731BC87A6900165794 /* Base */,
			);
			name = Main.storyboard;
			sourceTree = "<group>";
		};
		0F46A2771BC87A6900165794 /* LaunchScreen.storyboard */ = {
			isa = PBXVariantGroup;
			children = (
				0F46A2781BC87A6900165794 /* Base */,
			);
			name = LaunchScreen.storyboard;
			sourceTree = "<group>";
		};
/* End PBXVariantGroup section */

/* Begin XCBuildConfiguration section */
		0F46A27B1BC87A6900165794 /* Debug */ = {
			isa = XCBuildConfiguration;
			buildSettings = {
				ALWAYS_SEARCH_USER_PATHS = NO;
				CLANG_CXX_LANGUAGE_STANDARD = "gnu++0x";
				CLANG_CXX_LIBRARY = "libc++";
				CLANG_ENABLE_MODULES = YES;
				CLANG_ENABLE_OBJC_ARC = YES;
				CLANG_WARN_BOOL_CONVERSION = YES;
				CLANG_WARN_CONSTANT_CONVERSION = YES;
				CLANG_WARN_DIRECT_OBJC_ISA_USAGE = YES_ERROR;
				CLANG_WARN_EMPTY_BODY = YES;
				CLANG_WARN_ENUM_CONVERSION = YES;
				CLANG_WARN_INT_CONVERSION = YES;
				CLANG_WARN_OBJC_ROOT_CLASS = YES_ERROR;
				CLANG_WARN_UNREACHABLE_CODE = YES;
				CLANG_WARN__DUPLICATE_METHOD_MATCH = YES;
				"CODE_SIGN_IDENTITY[sdk=iphoneos*]" = "iPhone Developer";
				COPY_PHASE_STRIP = NO;
				DEBUG_INFORMATION_FORMAT = dwarf;
				ENABLE_STRICT_OBJC_MSGSEND = YES;
				ENABLE_TESTABILITY = YES;
				GCC_C_LANGUAGE_STANDARD = gnu99;
				GCC_DYNAMIC_NO_PIC = NO;
				GCC_NO_COMMON_BLOCKS = YES;
				GCC_OPTIMIZATION_LEVEL = 0;
				GCC_PREPROCESSOR_DEFINITIONS = (
					"DEBUG=1",
					"$(inherited)",
				);
				GCC_WARN_64_TO_32_BIT_CONVERSION = YES;
				GCC_WARN_ABOUT_RETURN_TYPE = YES_ERROR;
				GCC_WARN_UNDECLARED_SELECTOR = YES;
				GCC_WARN_UNINITIALIZED_AUTOS = YES_AGGRESSIVE;
				GCC_WARN_UNUSED_FUNCTION = YES;
				GCC_WARN_UNUSED_VARIABLE = YES;
				IPHONEOS_DEPLOYMENT_TARGET = 9.0;
				MTL_ENABLE_DEBUG_INFO = YES;
				ONLY_ACTIVE_ARCH = YES;
				SDKROOT = iphoneos;
				SWIFT_OPTIMIZATION_LEVEL = "-Onone";
				TARGETED_DEVICE_FAMILY = "1,2";
			};
			name = Debug;
		};
		0F46A27C1BC87A6900165794 /* Release */ = {
			isa = XCBuildConfiguration;
			buildSettings = {
				ALWAYS_SEARCH_USER_PATHS = NO;
				CLANG_CXX_LANGUAGE_STANDARD = "gnu++0x";
				CLANG_CXX_LIBRARY = "libc++";
				CLANG_ENABLE_MODULES = YES;
				CLANG_ENABLE_OBJC_ARC = YES;
				CLANG_WARN_BOOL_CONVERSION = YES;
				CLANG_WARN_CONSTANT_CONVERSION = YES;
				CLANG_WARN_DIRECT_OBJC_ISA_USAGE = YES_ERROR;
				CLANG_WARN_EMPTY_BODY = YES;
				CLANG_WARN_ENUM_CONVERSION = YES;
				CLANG_WARN_INT_CONVERSION = YES;
				CLANG_WARN_OBJC_ROOT_CLASS = YES_ERROR;
				CLANG_WARN_UNREACHABLE_CODE = YES;
				CLANG_WARN__DUPLICATE_METHOD_MATCH = YES;
				"CODE_SIGN_IDENTITY[sdk=iphoneos*]" = "iPhone Developer";
				COPY_PHASE_STRIP = NO;
				DEBUG_INFORMATION_FORMAT = "dwarf-with-dsym";
				ENABLE_NS_ASSERTIONS = NO;
				ENABLE_STRICT_OBJC_MSGSEND = YES;
				GCC_C_LANGUAGE_STANDARD = gnu99;
				GCC_NO_COMMON_BLOCKS = YES;
				GCC_WARN_64_TO_32_BIT_CONVERSION = YES;
				GCC_WARN_ABOUT_RETURN_TYPE = YES_ERROR;
				GCC_WARN_UNDECLARED_SELECTOR = YES;
				GCC_WARN_UNINITIALIZED_AUTOS = YES_AGGRESSIVE;
				GCC_WARN_UNUSED_FUNCTION = YES;
				GCC_WARN_UNUSED_VARIABLE = YES;
				IPHONEOS_DEPLOYMENT_TARGET = 9.0;
				MTL_ENABLE_DEBUG_INFO = NO;
				SDKROOT = iphoneos;
				TARGETED_DEVICE_FAMILY = "1,2";
				VALIDATE_PRODUCT = YES;
			};
			name = Release;
		};
		0F46A27E1BC87A6900165794 /* Debug */ = {
			isa = XCBuildConfiguration;
			buildSettings = {
				ASSETCATALOG_COMPILER_APPICON_NAME = AppIcon;
				INFOPLIST_FILE = "Album Experiment/Info.plist";
				LD_RUNPATH_SEARCH_PATHS = "$(inherited) @executable_path/Frameworks";
				PRODUCT_BUNDLE_IDENTIFIER = "org.apress-swift.Album-Experiment";
				PRODUCT_NAME = "$(TARGET_NAME)";
			};
			name = Debug;
		};
		0F46A27F1BC87A6900165794 /* Release */ = {
			isa = XCBuildConfiguration;
			buildSettings = {
				ASSETCATALOG_COMPILER_APPICON_NAME = AppIcon;
				INFOPLIST_FILE = "Album Experiment/Info.plist";
				LD_RUNPATH_SEARCH_PATHS = "$(inherited) @executable_path/Frameworks";
				PRODUCT_BUNDLE_IDENTIFIER = "org.apress-swift.Album-Experiment";
				PRODUCT_NAME = "$(TARGET_NAME)";
			};
			name = Release;
		};
/* End XCBuildConfiguration section */

/* Begin XCConfigurationList section */
		0F46A2661BC87A6900165794 /* Build configuration list for PBXProject "Album Experiment" */ = {
			isa = XCConfigurationList;
			buildConfigurations = (
				0F46A27B1BC87A6900165794 /* Debug */,
				0F46A27C1BC87A6900165794 /* Release */,
			);
			defaultConfigurationIsVisible = 0;
			defaultConfigurationName = Release;
		};
		0F46A27D1BC87A6900165794 /* Build configuration list for PBXNativeTarget "Album Experiment" */ = {
			isa = XCConfigurationList;
			buildConfigurations = (
				0F46A27E1BC87A6900165794 /* Debug */,
				0F46A27F1BC87A6900165794 /* Release */,
			);
			defaultConfigurationIsVisible = 0;
		};
/* End XCConfigurationList section */
	};
	rootObject = 0F46A2631BC87A6900165794 /* Project object */;
}
